
Microsoft Visual Studio Solution File, Format Version 12.00
# Visual Studio 2012
Project("{FAE04EC0-301F-11D3-BF4B-00C04F79EFBC}") = "JsonMetadataToClass", "JsonMetadataToClass\JsonMetadataToClass.csproj", "{6E0C1BC8-EE0F-449A-BC4D-67D87E042B87}"
EndProject
Project("{FAE04EC0-301F-11D3-BF4B-00C04F79EFBC}") = "ClassLibrary", "ClassLibrary\ClassLibrary.csproj", "{9676602E-3538-4F2A-9898-EBA6CDE37600}"
EndProject
Global
	GlobalSection(SolutionConfigurationPlatforms) = preSolution
		Debug|Any CPU = Debug|Any CPU
		Release|Any CPU = Release|Any CPU
	EndGlobalSection
	GlobalSection(ProjectConfigurationPlatforms) = postSolution
		{6E0C1BC8-EE0F-449A-BC4D-67D87E042B87}.Debug|Any CPU.ActiveCfg = Debug|Any CPU
		{6E0C1BC8-EE0F-449A-BC4D-67D87E042B87}.Debug|Any CPU.Build.0 = Debug|Any CPU
		{6E0C1BC8-EE0F-449A-BC4D-67D87E042B87}.Release|Any CPU.ActiveCfg = Release|Any CPU
		{6E0C1BC8-EE0F-449A-BC4D-67D87E042B87}.Release|Any CPU.Build.0 = Release|Any CPU
		{9676602E-3538-4F2A-9898-EBA6CDE37600}.Debug|Any CPU.ActiveCfg = Debug|Any CPU
		{9676602E-3538-4F2A-9898-EBA6CDE37600}.Debug|Any CPU.Build.0 = Debug|Any CPU
		{9676602E-3538-4F2A-9898-EBA6CDE37600}.Release|Any CPU.ActiveCfg = Release|Any CPU
		{9676602E-3538-4F2A-9898-EBA6CDE37600}.Release|Any CPU.Build.0 = Release|Any CPU
	EndGlobalSection
	GlobalSection(SolutionProperties) = preSolution
		HideSolutionNode = FALSE
	EndGlobalSection
EndGlobal
